
Microsoft Visual Studio Solution File, Format Version 12.00
# Visual Studio Version 17
VisualStudioVersion = 17.14.36811.4 d17.14
MinimumVisualStudioVersion = 10.0.40219.1
Project("{FAE04EC0-301F-11D3-BF4B-00C04F79EFBC}") = "desConepto", "desConepto\desConepto.csproj", "{B905E92E-E87C-4466-A370-91EC6042F9E2}"
EndProject
Global
	GlobalSection(SolutionConfigurationPlatforms) = preSolution
		Debug|Any CPU = Debug|Any CPU
		Release|Any CPU = Release|Any CPU
	EndGlobalSection
	GlobalSection(ProjectConfigurationPlatforms) = postSolution
		{B905E92E-E87C-4466-A370-91EC6042F9E2}.Debug|Any CPU.ActiveCfg = Debug|Any CPU
		{B905E92E-E87C-4466-A370-91EC6042F9E2}.Debug|Any CPU.Build.0 = Debug|Any CPU
		{B905E92E-E87C-4466-A370-91EC6042F9E2}.Release|Any CPU.ActiveCfg = Release|Any CPU
		{B905E92E-E87C-4466-A370-91EC6042F9E2}.Release|Any CPU.Build.0 = Release|Any CPU
	EndGlobalSection
	GlobalSection(SolutionProperties) = preSolution
		HideSolutionNode = FALSE
	EndGlobalSection
	GlobalSection(ExtensibilityGlobals) = postSolution
		SolutionGuid = {1D1638DD-F73C-477B-83D7-AD19EB2809DC}
	EndGlobalSection
EndGlobal
